
Microsoft Visual Studio Solution File, Format Version 12.00
# Visual Studio Version 17
VisualStudioVersion = 17.5.002.0
MinimumVisualStudioVersion = 10.0.40219.1
Project("{9A19103F-16F7-4668-BE54-9A1E7A4F7556}") = "TspCoordinator", "TspCoordinator.csproj", "{74876468-D3BC-40D4-912A-B3694B104DE8}"
EndProject
Global
	GlobalSection(SolutionConfigurationPlatforms) = preSolution
		Debug|Any CPU = Debug|Any CPU
		Release|Any CPU = Release|Any CPU
	EndGlobalSection
	GlobalSection(ProjectConfigurationPlatforms) = postSolution
		{74876468-D3BC-40D4-912A-B3694B104DE8}.Debug|Any CPU.ActiveCfg = Debug|Any CPU
		{74876468-D3BC-40D4-912A-B3694B104DE8}.Debug|Any CPU.Build.0 = Debug|Any CPU
		{74876468-D3BC-40D4-912A-B3694B104DE8}.Release|Any CPU.ActiveCfg = Release|Any CPU
		{74876468-D3BC-40D4-912A-B3694B104DE8}.Release|Any CPU.Build.0 = Release|Any CPU
	EndGlobalSection
	GlobalSection(SolutionProperties) = preSolution
		HideSolutionNode = FALSE
	EndGlobalSection
	GlobalSection(ExtensibilityGlobals) = postSolution
		SolutionGuid = {89B01998-918B-44E9-91DC-B7737D0F569E}
	EndGlobalSection
EndGlobal
